{
  "version": 4,
  "terraform_version": "1.5.7",
  "serial": 68,
  "lineage": "d5d484ba-bd0e-bf12-6fff-5a76003b2d14",
  "outputs": {
    "architecture_summary": {
      "value": {
        "backend": {
          "access": "Internet access via NAT Gateway, SSH via Frontend (bastion)",
          "instance": "i-086d3767f30b7b282",
          "private_ip": "10.0.2.199",
          "subnet_cidr": "10.0.2.0/24",
          "subnet_type": "Private"
        },
        "database": {
          "access": "Internet access via NAT Gateway, SSH via Frontend (bastion)",
          "instance": "i-0a72295abf75bbcbd",
          "private_ip": "10.0.3.72",
          "subnet_cidr": "10.0.3.0/24",
          "subnet_type": "Private"
        },
        "frontend": {
          "access": "Direct internet access via IGW",
          "instance": "i-098369884a657abae",
          "public_ip": "34.207.147.253",
          "subnet_cidr": "10.0.1.0/24",
          "subnet_type": "Public"
        }
      },
      "type": [
        "object",
        {
          "backend": [
            "object",
            {
              "access": "string",
              "instance": "string",
              "private_ip": "string",
              "subnet_cidr": "string",
              "subnet_type": "string"
            }
          ],
          "database": [
            "object",
            {
              "access": "string",
              "instance": "string",
              "private_ip": "string",
              "subnet_cidr": "string",
              "subnet_type": "string"
            }
          ],
          "frontend": [
            "object",
            {
              "access": "string",
              "instance": "string",
              "public_ip": "string",
              "subnet_cidr": "string",
              "subnet_type": "string"
            }
          ]
        }
      ]
    },
    "aws_region": {
      "value": "us-east-1",
      "type": "string"
    },
    "backend_instance_info": {
      "value": {
        "id": "i-086d3767f30b7b282",
        "instance_type": "t3.small",
        "name": "vps-3tier-backend",
        "private_ip": "10.0.2.199",
        "subnet_id": "subnet-029ddd1a9d1ee63bb",
        "tier": "Backend"
      },
      "type": [
        "object",
        {
          "id": "string",
          "instance_type": "string",
          "name": "string",
          "private_ip": "string",
          "subnet_id": "string",
          "tier": "string"
        }
      ]
    },
    "database_instance_info": {
      "value": {
        "id": "i-0a72295abf75bbcbd",
        "instance_type": "t3.small",
        "name": "vps-3tier-database",
        "private_ip": "10.0.3.72",
        "subnet_id": "subnet-0e7e068f4dfdcf6e7",
        "tier": "Database"
      },
      "type": [
        "object",
        {
          "id": "string",
          "instance_type": "string",
          "name": "string",
          "private_ip": "string",
          "subnet_id": "string",
          "tier": "string"
        }
      ]
    },
    "estimated_monthly_cost": {
      "value": {
        "instances": {
          "backend": {
            "note": "Private instance",
            "type": "t3.small"
          },
          "database": {
            "note": "Private instance",
            "type": "t3.small"
          },
          "frontend": {
            "note": "Public instance",
            "type": "t3.small"
          }
        },
        "networking": {
          "elastic_ip": "~$3.6/month",
          "nat_gateway": "~$45/month",
          "note": "Additional costs for NAT Gateway and Elastic IP"
        },
        "total_note": "This is an estimate. Check AWS pricing for accurate costs."
      },
      "type": [
        "object",
        {
          "instances": [
            "object",
            {
              "backend": [
                "object",
                {
                  "note": "string",
                  "type": "string"
                }
              ],
              "database": [
                "object",
                {
                  "note": "string",
                  "type": "string"
                }
              ],
              "frontend": [
                "object",
                {
                  "note": "string",
                  "type": "string"
                }
              ]
            }
          ],
          "networking": [
            "object",
            {
              "elastic_ip": "string",
              "nat_gateway": "string",
              "note": "string"
            }
          ],
          "total_note": "string"
        }
      ]
    },
    "frontend_instance_info": {
      "value": {
        "id": "i-098369884a657abae",
        "instance_type": "t3.small",
        "name": "vps-3tier-frontend",
        "private_ip": "10.0.1.231",
        "public_dns": "ec2-34-207-147-253.compute-1.amazonaws.com",
        "public_ip": "34.207.147.253",
        "subnet_id": "subnet-014d04124c0b46576",
        "tier": "Frontend"
      },
      "type": [
        "object",
        {
          "id": "string",
          "instance_type": "string",
          "name": "string",
          "private_ip": "string",
          "public_dns": "string",
          "public_ip": "string",
          "subnet_id": "string",
          "tier": "string"
        }
      ]
    },
    "key_pair_name": {
      "value": "vps-3tier-key",
      "type": "string"
    },
    "network_acls": {
      "value": {
        "private_nacl": {
          "id": "acl-0acb862d4b9b6c3ad"
        },
        "public_nacl": {
          "id": "acl-089a9fe4f1fb9ca14"
        }
      },
      "type": [
        "object",
        {
          "private_nacl": [
            "object",
            {
              "id": "string"
            }
          ],
          "public_nacl": [
            "object",
            {
              "id": "string"
            }
          ]
        }
      ]
    },
    "route_tables": {
      "value": {
        "private_rt": {
          "id": "rtb-0be5755ce8fb61d21"
        },
        "public_rt": {
          "id": "rtb-05fb4eb042dbed1f4"
        }
      },
      "type": [
        "object",
        {
          "private_rt": [
            "object",
            {
              "id": "string"
            }
          ],
          "public_rt": [
            "object",
            {
              "id": "string"
            }
          ]
        }
      ]
    },
    "security_groups": {
      "value": {
        "backend_sg": {
          "id": "sg-0a7e729b3c5a51630",
          "name": "vps-3tier-backend-sg20250926201526297200000004"
        },
        "database_sg": {
          "id": "sg-0d006959c93e5615f",
          "name": "vps-3tier-database-sg20250926201530049000000005"
        },
        "frontend_sg": {
          "id": "sg-00fdfb481caf2084c",
          "name": "vps-3tier-frontend-sg20250926201522049300000001"
        }
      },
      "type": [
        "object",
        {
          "backend_sg": [
            "object",
            {
              "id": "string",
              "name": "string"
            }
          ],
          "database_sg": [
            "object",
            {
              "id": "string",
              "name": "string"
            }
          ],
          "frontend_sg": [
            "object",
            {
              "id": "string",
              "name": "string"
            }
          ]
        }
      ]
    },
    "ssh_connections": {
      "value": {
        "backend": "ssh -o ProxyCommand='ssh -W %h:%p ubuntu@34.207.147.253' ubuntu@10.0.2.199",
        "database": "ssh -o ProxyCommand='ssh -W %h:%p ubuntu@34.207.147.253' ubuntu@10.0.3.72",
        "frontend": "ssh ubuntu@34.207.147.253"
      },
      "type": [
        "object",
        {
          "backend": "string",
          "database": "string",
          "frontend": "string"
        }
      ]
    },
    "vpc_info": {
      "value": {
        "internet_gateway_id": "igw-00ea8d822978655ae",
        "nat_gateway_id": "nat-0554b472fbc2e181c",
        "nat_gateway_ip": "54.225.254.210",
        "private_backend_subnet": {
          "az": "us-east-1a",
          "cidr": "10.0.2.0/24",
          "id": "subnet-029ddd1a9d1ee63bb"
        },
        "private_database_subnet": {
          "az": "us-east-1b",
          "cidr": "10.0.3.0/24",
          "id": "subnet-0e7e068f4dfdcf6e7"
        },
        "public_subnet": {
          "az": "us-east-1a",
          "cidr": "10.0.1.0/24",
          "id": "subnet-014d04124c0b46576"
        },
        "vpc_cidr": "10.0.0.0/16",
        "vpc_id": "vpc-034115cb080ec9608"
      },
      "type": [
        "object",
        {
          "internet_gateway_id": "string",
          "nat_gateway_id": "string",
          "nat_gateway_ip": "string",
          "private_backend_subnet": [
            "object",
            {
              "az": "string",
              "cidr": "string",
              "id": "string"
            }
          ],
          "private_database_subnet": [
            "object",
            {
              "az": "string",
              "cidr": "string",
              "id": "string"
            }
          ],
          "public_subnet": [
            "object",
            {
              "az": "string",
              "cidr": "string",
              "id": "string"
            }
          ],
          "vpc_cidr": "string",
          "vpc_id": "string"
        }
      ]
    }
  },
  "resources": [
    {
      "mode": "data",
      "type": "aws_ami",
      "name": "ubuntu",
      "provider": "provider[\"registry.terraform.io/hashicorp/aws\"]",
      "instances": [
        {
          "schema_version": 0,
          "attributes": {
            "architecture": "x86_64",
            "arn": "arn:aws:ec2:us-east-1::image/ami-0a03ce9a6035af491",
            "block_device_mappings": [
              {
                "device_name": "/dev/sda1",
                "ebs": {
                  "delete_on_termination": "true",
                  "encrypted": "false",
                  "iops": "0",
                  "snapshot_id": "snap-088b9d7c6bd9b2810",
                  "throughput": "0",
                  "volume_initialization_rate": "0",
                  "volume_size": "8",
                  "volume_type": "gp2"
                },
                "no_device": "",
                "virtual_name": ""
              },
              {
                "device_name": "/dev/sdb",
                "ebs": {},
                "no_device": "",
                "virtual_name": "ephemeral0"
              },
              {
                "device_name": "/dev/sdc",
                "ebs": {},
                "no_device": "",
                "virtual_name": "ephemeral1"
              }
            ],
            "boot_mode": "uefi-preferred",
            "creation_date": "2025-09-25T06:51:56.000Z",
            "deprecation_time": "2027-09-25T06:51:56.000Z",
            "description": "Canonical, Ubuntu, 22.04, amd64 jammy image",
            "ena_support": true,
            "executable_users": null,
            "filter": [
              {
                "name": "name",
                "values": [
                  "ubuntu/images/hvm-ssd/ubuntu-jammy-22.04-amd64-server-*"
                ]
              },
              {
                "name": "virtualization-type",
                "values": [
                  "hvm"
                ]
              }
            ],
            "hypervisor": "xen",
            "id": "ami-0a03ce9a6035af491",
            "image_id": "ami-0a03ce9a6035af491",
            "image_location": "amazon/ubuntu/images/hvm-ssd/ubuntu-jammy-22.04-amd64-server-20250925",
            "image_owner_alias": "amazon",
            "image_type": "machine",
            "imds_support": "",
            "include_deprecated": false,
            "kernel_id": "",
            "last_launched_time": "",
            "most_recent": true,
            "name": "ubuntu/images/hvm-ssd/ubuntu-jammy-22.04-amd64-server-20250925",
            "name_regex": null,
            "owner_id": "099720109477",
            "owners": [
              "099720109477"
            ],
            "platform": "",
            "platform_details": "Linux/UNIX",
            "product_codes": [],
            "public": true,
            "ramdisk_id": "",
            "root_device_name": "/dev/sda1",
            "root_device_type": "ebs",
            "root_snapshot_id": "snap-088b9d7c6bd9b2810",
            "sriov_net_support": "simple",
            "state": "available",
            "state_reason": {
              "code": "UNSET",
              "message": "UNSET"
            },
            "tags": {},
            "timeouts": null,
            "tpm_support": "",
            "uefi_data": null,
            "usage_operation": "RunInstances",
            "virtualization_type": "hvm"
          },
          "sensitive_attributes": []
        }
      ]
    },
    {
      "mode": "data",
      "type": "aws_availability_zones",
      "name": "available",
      "provider": "provider[\"registry.terraform.io/hashicorp/aws\"]",
      "instances": [
        {
          "schema_version": 0,
          "attributes": {
            "all_availability_zones": null,
            "exclude_names": null,
            "exclude_zone_ids": null,
            "filter": null,
            "group_names": [
              "us-east-1-zg-1"
            ],
            "id": "us-east-1",
            "names": [
              "us-east-1a",
              "us-east-1b",
              "us-east-1c",
              "us-east-1d",
              "us-east-1e",
              "us-east-1f"
            ],
            "state": "available",
            "timeouts": null,
            "zone_ids": [
              "use1-az4",
              "use1-az6",
              "use1-az1",
              "use1-az2",
              "use1-az3",
              "use1-az5"
            ]
          },
          "sensitive_attributes": []
        }
      ]
    },
    {
      "mode": "managed",
      "type": "aws_eip",
      "name": "nat",
      "provider": "provider[\"registry.terraform.io/hashicorp/aws\"]",
      "instances": [
        {
          "schema_version": 0,
          "attributes": {
            "address": null,
            "allocation_id": "eipalloc-0960a9bacbcfdb99c",
            "arn": "arn:aws:ec2:us-east-1:471112663419:elastic-ip/eipalloc-0960a9bacbcfdb99c",
            "associate_with_private_ip": null,
            "association_id": "",
            "carrier_ip": "",
            "customer_owned_ip": "",
            "customer_owned_ipv4_pool": "",
            "domain": "vpc",
            "id": "eipalloc-0960a9bacbcfdb99c",
            "instance": "",
            "ipam_pool_id": null,
            "network_border_group": "us-east-1",
            "network_interface": "",
            "private_dns": null,
            "private_ip": "",
            "ptr_record": "",
            "public_dns": "ec2-54-225-254-210.compute-1.amazonaws.com",
            "public_ip": "54.225.254.210",
            "public_ipv4_pool": "amazon",
            "tags": {
              "Environment": "dev",
              "Name": "vps-3tier-nat-eip",
              "Project": "vps-3tier"
            },
            "tags_all": {
              "Environment": "dev",
              "Name": "vps-3tier-nat-eip",
              "Project": "vps-3tier"
            },
            "timeouts": null,
            "vpc": true
          },
          "sensitive_attributes": [],
          "private": "eyJlMmJmYjczMC1lY2FhLTExZTYtOGY4OC0zNDM2M2JjN2M0YzAiOnsiZGVsZXRlIjoxODAwMDAwMDAwMDAsInJlYWQiOjkwMDAwMDAwMDAwMCwidXBkYXRlIjozMDAwMDAwMDAwMDB9fQ==",
          "dependencies": [
            "aws_internet_gateway.main",
            "aws_vpc.main"
          ]
        }
      ]
    },
    {
      "mode": "managed",
      "type": "aws_instance",
      "name": "backend",
      "provider": "provider[\"registry.terraform.io/hashicorp/aws\"]",
      "instances": [
        {
          "schema_version": 1,
          "attributes": {
            "ami": "ami-0a03ce9a6035af491",
            "arn": "arn:aws:ec2:us-east-1:471112663419:instance/i-086d3767f30b7b282",
            "associate_public_ip_address": false,
            "availability_zone": "us-east-1a",
            "capacity_reservation_specification": [
              {
                "capacity_reservation_preference": "open",
                "capacity_reservation_target": []
              }
            ],
            "cpu_core_count": 1,
            "cpu_options": [
              {
                "amd_sev_snp": "",
                "core_count": 1,
                "threads_per_core": 2
              }
            ],
            "cpu_threads_per_core": 2,
            "credit_specification": [
              {
                "cpu_credits": "unlimited"
              }
            ],
            "disable_api_stop": false,
            "disable_api_termination": false,
            "ebs_block_device": [],
            "ebs_optimized": false,
            "enable_primary_ipv6": null,
            "enclave_options": [
              {
                "enabled": false
              }
            ],
            "ephemeral_block_device": [],
            "get_password_data": false,
            "hibernation": false,
            "host_id": "",
            "host_resource_group_arn": null,
            "iam_instance_profile": "",
            "id": "i-086d3767f30b7b282",
            "instance_initiated_shutdown_behavior": "stop",
            "instance_lifecycle": "",
            "instance_market_options": [],
            "instance_state": "running",
            "instance_type": "t3.small",
            "ipv6_address_count": 0,
            "ipv6_addresses": [],
            "key_name": "vps-3tier-key",
            "launch_template": [],
            "maintenance_options": [
              {
                "auto_recovery": "default"
              }
            ],
            "metadata_options": [
              {
                "http_endpoint": "enabled",
                "http_protocol_ipv6": "disabled",
                "http_put_response_hop_limit": 1,
                "http_tokens": "optional",
                "instance_metadata_tags": "disabled"
              }
            ],
            "monitoring": false,
            "network_interface": [],
            "outpost_arn": "",
            "password_data": "",
            "placement_group": "",
            "placement_partition_number": 0,
            "primary_network_interface_id": "eni-0e31894f57749bb65",
            "private_dns": "ip-10-0-2-199.ec2.internal",
            "private_dns_name_options": [
              {
                "enable_resource_name_dns_a_record": false,
                "enable_resource_name_dns_aaaa_record": false,
                "hostname_type": "ip-name"
              }
            ],
            "private_ip": "10.0.2.199",
            "public_dns": "",
            "public_ip": "",
            "root_block_device": [
              {
                "delete_on_termination": true,
                "device_name": "/dev/sda1",
                "encrypted": true,
                "iops": 3000,
                "kms_key_id": "arn:aws:kms:us-east-1:471112663419:key/e6fcf10a-ed47-432d-9451-f51f3c1fc485",
                "tags": null,
                "tags_all": {},
                "throughput": 125,
                "volume_id": "vol-015745a42b782424b",
                "volume_size": 25,
                "volume_type": "gp3"
              }
            ],
            "secondary_private_ips": [],
            "security_groups": [],
            "source_dest_check": true,
            "spot_instance_request_id": "",
            "subnet_id": "subnet-029ddd1a9d1ee63bb",
            "tags": {
              "3-tier": "true",
              "Docker": "true",
              "Environment": "dev",
              "Name": "vps-3tier-backend",
              "Project": "vps-3tier",
              "Tier": "Backend",
              "docker": "true",
              "docker-compose": "true"
            },
            "tags_all": {
              "3-tier": "true",
              "Docker": "true",
              "Environment": "dev",
              "Name": "vps-3tier-backend",
              "Project": "vps-3tier",
              "Tier": "Backend",
              "docker": "true",
              "docker-compose": "true"
            },
            "tenancy": "default",
            "timeouts": null,
            "user_data": null,
            "user_data_base64": null,
            "user_data_replace_on_change": false,
            "volume_tags": null,
            "vpc_security_group_ids": [
              "sg-0a7e729b3c5a51630"
            ]
          },
          "sensitive_attributes": [],
          "private": "eyJlMmJmYjczMC1lY2FhLTExZTYtOGY4OC0zNDM2M2JjN2M0YzAiOnsiY3JlYXRlIjo2MDAwMDAwMDAwMDAsImRlbGV0ZSI6MTIwMDAwMDAwMDAwMCwicmVhZCI6OTAwMDAwMDAwMDAwLCJ1cGRhdGUiOjYwMDAwMDAwMDAwMH0sInNjaGVtYV92ZXJzaW9uIjoiMSJ9",
          "dependencies": [
            "aws_key_pair.main",
            "aws_security_group.backend_sg",
            "aws_security_group.frontend_sg",
            "aws_subnet.private_backend",
            "aws_vpc.main",
            "data.aws_ami.ubuntu",
            "data.aws_availability_zones.available"
          ]
        }
      ]
    },
    {
      "mode": "managed",
      "type": "aws_instance",
      "name": "database",
      "provider": "provider[\"registry.terraform.io/hashicorp/aws\"]",
      "instances": [
        {
          "schema_version": 1,
          "attributes": {
            "ami": "ami-0a03ce9a6035af491",
            "arn": "arn:aws:ec2:us-east-1:471112663419:instance/i-0a72295abf75bbcbd",
            "associate_public_ip_address": false,
            "availability_zone": "us-east-1b",
            "capacity_reservation_specification": [
              {
                "capacity_reservation_preference": "open",
                "capacity_reservation_target": []
              }
            ],
            "cpu_core_count": 1,
            "cpu_options": [
              {
                "amd_sev_snp": "",
                "core_count": 1,
                "threads_per_core": 2
              }
            ],
            "cpu_threads_per_core": 2,
            "credit_specification": [
              {
                "cpu_credits": "unlimited"
              }
            ],
            "disable_api_stop": false,
            "disable_api_termination": false,
            "ebs_block_device": [],
            "ebs_optimized": false,
            "enable_primary_ipv6": null,
            "enclave_options": [
              {
                "enabled": false
              }
            ],
            "ephemeral_block_device": [],
            "get_password_data": false,
            "hibernation": false,
            "host_id": "",
            "host_resource_group_arn": null,
            "iam_instance_profile": "",
            "id": "i-0a72295abf75bbcbd",
            "instance_initiated_shutdown_behavior": "stop",
            "instance_lifecycle": "",
            "instance_market_options": [],
            "instance_state": "running",
            "instance_type": "t3.small",
            "ipv6_address_count": 0,
            "ipv6_addresses": [],
            "key_name": "vps-3tier-key",
            "launch_template": [],
            "maintenance_options": [
              {
                "auto_recovery": "default"
              }
            ],
            "metadata_options": [
              {
                "http_endpoint": "enabled",
                "http_protocol_ipv6": "disabled",
                "http_put_response_hop_limit": 1,
                "http_tokens": "optional",
                "instance_metadata_tags": "disabled"
              }
            ],
            "monitoring": false,
            "network_interface": [],
            "outpost_arn": "",
            "password_data": "",
            "placement_group": "",
            "placement_partition_number": 0,
            "primary_network_interface_id": "eni-0aa128bf3cb364ce3",
            "private_dns": "ip-10-0-3-72.ec2.internal",
            "private_dns_name_options": [
              {
                "enable_resource_name_dns_a_record": false,
                "enable_resource_name_dns_aaaa_record": false,
                "hostname_type": "ip-name"
              }
            ],
            "private_ip": "10.0.3.72",
            "public_dns": "",
            "public_ip": "",
            "root_block_device": [
              {
                "delete_on_termination": true,
                "device_name": "/dev/sda1",
                "encrypted": true,
                "iops": 3000,
                "kms_key_id": "arn:aws:kms:us-east-1:471112663419:key/e6fcf10a-ed47-432d-9451-f51f3c1fc485",
                "tags": null,
                "tags_all": {},
                "throughput": 125,
                "volume_id": "vol-0f86022805445932c",
                "volume_size": 25,
                "volume_type": "gp3"
              }
            ],
            "secondary_private_ips": [],
            "security_groups": [],
            "source_dest_check": true,
            "spot_instance_request_id": "",
            "subnet_id": "subnet-0e7e068f4dfdcf6e7",
            "tags": {
              "3-tier": "true",
              "Docker": "true",
              "Environment": "dev",
              "Name": "vps-3tier-database",
              "Project": "vps-3tier",
              "Tier": "Database",
              "docker": "true",
              "docker-compose": "true"
            },
            "tags_all": {
              "3-tier": "true",
              "Docker": "true",
              "Environment": "dev",
              "Name": "vps-3tier-database",
              "Project": "vps-3tier",
              "Tier": "Database",
              "docker": "true",
              "docker-compose": "true"
            },
            "tenancy": "default",
            "timeouts": null,
            "user_data": null,
            "user_data_base64": null,
            "user_data_replace_on_change": false,
            "volume_tags": null,
            "vpc_security_group_ids": [
              "sg-0d006959c93e5615f"
            ]
          },
          "sensitive_attributes": [],
          "private": "eyJlMmJmYjczMC1lY2FhLTExZTYtOGY4OC0zNDM2M2JjN2M0YzAiOnsiY3JlYXRlIjo2MDAwMDAwMDAwMDAsImRlbGV0ZSI6MTIwMDAwMDAwMDAwMCwicmVhZCI6OTAwMDAwMDAwMDAwLCJ1cGRhdGUiOjYwMDAwMDAwMDAwMH0sInNjaGVtYV92ZXJzaW9uIjoiMSJ9",
          "dependencies": [
            "aws_key_pair.main",
            "aws_security_group.backend_sg",
            "aws_security_group.database_sg",
            "aws_security_group.frontend_sg",
            "aws_subnet.private_database",
            "aws_vpc.main",
            "data.aws_ami.ubuntu",
            "data.aws_availability_zones.available"
          ]
        }
      ]
    },
    {
      "mode": "managed",
      "type": "aws_instance",
      "name": "frontend",
      "provider": "provider[\"registry.terraform.io/hashicorp/aws\"]",
      "instances": [
        {
          "schema_version": 1,
          "attributes": {
            "ami": "ami-0a03ce9a6035af491",
            "arn": "arn:aws:ec2:us-east-1:471112663419:instance/i-098369884a657abae",
            "associate_public_ip_address": true,
            "availability_zone": "us-east-1a",
            "capacity_reservation_specification": [
              {
                "capacity_reservation_preference": "open",
                "capacity_reservation_target": []
              }
            ],
            "cpu_core_count": 1,
            "cpu_options": [
              {
                "amd_sev_snp": "",
                "core_count": 1,
                "threads_per_core": 2
              }
            ],
            "cpu_threads_per_core": 2,
            "credit_specification": [
              {
                "cpu_credits": "unlimited"
              }
            ],
            "disable_api_stop": false,
            "disable_api_termination": false,
            "ebs_block_device": [],
            "ebs_optimized": false,
            "enable_primary_ipv6": null,
            "enclave_options": [
              {
                "enabled": false
              }
            ],
            "ephemeral_block_device": [],
            "get_password_data": false,
            "hibernation": false,
            "host_id": "",
            "host_resource_group_arn": null,
            "iam_instance_profile": "",
            "id": "i-098369884a657abae",
            "instance_initiated_shutdown_behavior": "stop",
            "instance_lifecycle": "",
            "instance_market_options": [],
            "instance_state": "running",
            "instance_type": "t3.small",
            "ipv6_address_count": 0,
            "ipv6_addresses": [],
            "key_name": "vps-3tier-key",
            "launch_template": [],
            "maintenance_options": [
              {
                "auto_recovery": "default"
              }
            ],
            "metadata_options": [
              {
                "http_endpoint": "enabled",
                "http_protocol_ipv6": "disabled",
                "http_put_response_hop_limit": 1,
                "http_tokens": "optional",
                "instance_metadata_tags": "disabled"
              }
            ],
            "monitoring": false,
            "network_interface": [],
            "outpost_arn": "",
            "password_data": "",
            "placement_group": "",
            "placement_partition_number": 0,
            "primary_network_interface_id": "eni-0ed483c18c88c5bf7",
            "private_dns": "ip-10-0-1-231.ec2.internal",
            "private_dns_name_options": [
              {
                "enable_resource_name_dns_a_record": false,
                "enable_resource_name_dns_aaaa_record": false,
                "hostname_type": "ip-name"
              }
            ],
            "private_ip": "10.0.1.231",
            "public_dns": "ec2-34-207-147-253.compute-1.amazonaws.com",
            "public_ip": "34.207.147.253",
            "root_block_device": [
              {
                "delete_on_termination": true,
                "device_name": "/dev/sda1",
                "encrypted": true,
                "iops": 3000,
                "kms_key_id": "arn:aws:kms:us-east-1:471112663419:key/e6fcf10a-ed47-432d-9451-f51f3c1fc485",
                "tags": null,
                "tags_all": {},
                "throughput": 125,
                "volume_id": "vol-0bcf34acce4762a85",
                "volume_size": 25,
                "volume_type": "gp3"
              }
            ],
            "secondary_private_ips": [],
            "security_groups": [],
            "source_dest_check": true,
            "spot_instance_request_id": "",
            "subnet_id": "subnet-014d04124c0b46576",
            "tags": {
              "3-tier": "true",
              "Docker": "true",
              "Environment": "dev",
              "Name": "vps-3tier-frontend",
              "Project": "vps-3tier",
              "Tier": "Frontend",
              "docker": "true",
              "docker-compose": "true"
            },
            "tags_all": {
              "3-tier": "true",
              "Docker": "true",
              "Environment": "dev",
              "Name": "vps-3tier-frontend",
              "Project": "vps-3tier",
              "Tier": "Frontend",
              "docker": "true",
              "docker-compose": "true"
            },
            "tenancy": "default",
            "timeouts": null,
            "user_data": null,
            "user_data_base64": null,
            "user_data_replace_on_change": false,
            "volume_tags": null,
            "vpc_security_group_ids": [
              "sg-00fdfb481caf2084c"
            ]
          },
          "sensitive_attributes": [],
          "private": "eyJlMmJmYjczMC1lY2FhLTExZTYtOGY4OC0zNDM2M2JjN2M0YzAiOnsiY3JlYXRlIjo2MDAwMDAwMDAwMDAsImRlbGV0ZSI6MTIwMDAwMDAwMDAwMCwicmVhZCI6OTAwMDAwMDAwMDAwLCJ1cGRhdGUiOjYwMDAwMDAwMDAwMH0sInNjaGVtYV92ZXJzaW9uIjoiMSJ9",
          "dependencies": [
            "aws_key_pair.main",
            "aws_security_group.frontend_sg",
            "aws_subnet.public",
            "aws_vpc.main",
            "data.aws_ami.ubuntu",
            "data.aws_availability_zones.available"
          ]
        }
      ]
    },
    {
      "mode": "managed",
      "type": "aws_internet_gateway",
      "name": "main",
      "provider": "provider[\"registry.terraform.io/hashicorp/aws\"]",
      "instances": [
        {
          "schema_version": 0,
          "attributes": {
            "arn": "arn:aws:ec2:us-east-1:471112663419:internet-gateway/igw-00ea8d822978655ae",
            "id": "igw-00ea8d822978655ae",
            "owner_id": "471112663419",
            "tags": {
              "Environment": "dev",
              "Name": "vps-3tier-igw",
              "Project": "vps-3tier"
            },
            "tags_all": {
              "Environment": "dev",
              "Name": "vps-3tier-igw",
              "Project": "vps-3tier"
            },
            "timeouts": null,
            "vpc_id": "vpc-034115cb080ec9608"
          },
          "sensitive_attributes": [],
          "private": "eyJlMmJmYjczMC1lY2FhLTExZTYtOGY4OC0zNDM2M2JjN2M0YzAiOnsiY3JlYXRlIjoxMjAwMDAwMDAwMDAwLCJkZWxldGUiOjEyMDAwMDAwMDAwMDAsInVwZGF0ZSI6MTIwMDAwMDAwMDAwMH19",
          "dependencies": [
            "aws_vpc.main"
          ]
        }
      ]
    },
    {
      "mode": "managed",
      "type": "aws_key_pair",
      "name": "main",
      "provider": "provider[\"registry.terraform.io/hashicorp/aws\"]",
      "instances": [
        {
          "schema_version": 1,
          "attributes": {
            "arn": "arn:aws:ec2:us-east-1:471112663419:key-pair/vps-3tier-key",
            "fingerprint": "92:8b:a1:32:fd:93:21:6c:14:e7:dd:fa:84:1f:6a:ef",
            "id": "vps-3tier-key",
            "key_name": "vps-3tier-key",
            "key_name_prefix": "",
            "key_pair_id": "key-0a945e362b24618ea",
            "key_type": "rsa",
            "public_key": "ssh-rsa AAAAB3NzaC1yc2EAAAADAQABAAACAQDN+azEsi7aF3UrqWWLHnmFEhp8HcJXFJq74sgscwzxS0WN9qjsi8EwfKNsj2qSixZP4/+jdwRDR32+MP6eDoOyzUPtiqNrAp/l5db53T+91Di/ETYy/GHM7SkC/tsdbyI3x98tfEedpIF2QaIrrtZpC+jl1oRYE7cw56zLzzoivMShCSAiEFz8Fgbe8U+ThAmtpUW5qCBKxTSe5ko/b21aYKXRTKvVWF0eaiNoCTWW/rqxtVv+zTt+52Dkaq0mxCF7wmbUTMP8F2HQ3xThroKIzZZEBF6ayEMitZj7QWHOGw8ttd4hYRP81dBXOkF/ZB0EFOEptYLT/izZZYHM4w6SyEjcsBGJ9ZuSwKFho6QTHIlV0ifkprow7Mb7cCdGc+tnlIu2rnTRgpL6OaAFZqXg/rjJw2TDJ4jKMp15A8MvigIC7r8Bi/6noJQqW6ZfBVAKjtJ/4vNUAlWMAVOKJc8aVx3ZqPl9id29C73YQFG2gQytt2hCKq2WUw7DNhUXZn54dPFE/HxD2PPb/G7bfx0WKJGvn6hp2Mhn18QcGOM7yn/BT32yajvCmWgGj/sRfgGHMxxnezvYT7IbnJhm0bXG6KeDnX7U4OerjO3BSwBP7LaCkHkjHSAQ513YNKrTpda7aElUhgzf3u5WjqRaZLNLOqU2PBEftIxEMRM0mTysDw== yismaili@e3r3p13.1337.ma",
            "tags": {
              "Environment": "dev",
              "Name": "vps-3tier-key",
              "Project": "vps-3tier"
            },
            "tags_all": {
              "Environment": "dev",
              "Name": "vps-3tier-key",
              "Project": "vps-3tier"
            }
          },
          "sensitive_attributes": [],
          "private": "eyJzY2hlbWFfdmVyc2lvbiI6IjEifQ=="
        }
      ]
    },
    {
      "mode": "managed",
      "type": "aws_nat_gateway",
      "name": "main",
      "provider": "provider[\"registry.terraform.io/hashicorp/aws\"]",
      "instances": [
        {
          "schema_version": 0,
          "attributes": {
            "allocation_id": "eipalloc-0960a9bacbcfdb99c",
            "association_id": "eipassoc-062bd3ce6124c3182",
            "connectivity_type": "public",
            "id": "nat-0554b472fbc2e181c",
            "network_interface_id": "eni-00f6dff6cb62e812f",
            "private_ip": "10.0.1.13",
            "public_ip": "54.225.254.210",
            "secondary_allocation_ids": null,
            "secondary_private_ip_address_count": 0,
            "secondary_private_ip_addresses": [],
            "subnet_id": "subnet-014d04124c0b46576",
            "tags": {
              "Environment": "dev",
              "Name": "vps-3tier-nat-gateway",
              "Project": "vps-3tier"
            },
            "tags_all": {
              "Environment": "dev",
              "Name": "vps-3tier-nat-gateway",
              "Project": "vps-3tier"
            },
            "timeouts": null
          },
          "sensitive_attributes": [],
          "private": "eyJlMmJmYjczMC1lY2FhLTExZTYtOGY4OC0zNDM2M2JjN2M0YzAiOnsiY3JlYXRlIjo2MDAwMDAwMDAwMDAsImRlbGV0ZSI6MTgwMDAwMDAwMDAwMCwidXBkYXRlIjo2MDAwMDAwMDAwMDB9fQ==",
          "dependencies": [
            "aws_eip.nat",
            "aws_internet_gateway.main",
            "aws_subnet.public",
            "aws_vpc.main",
            "data.aws_availability_zones.available"
          ]
        }
      ]
    },
    {
      "mode": "managed",
      "type": "aws_network_acl",
      "name": "private",
      "provider": "provider[\"registry.terraform.io/hashicorp/aws\"]",
      "instances": [
        {
          "schema_version": 0,
          "attributes": {
            "arn": "arn:aws:ec2:us-east-1:471112663419:network-acl/acl-0acb862d4b9b6c3ad",
            "egress": [
              {
                "action": "allow",
                "cidr_block": "0.0.0.0/0",
                "from_port": 0,
                "icmp_code": null,
                "icmp_type": null,
                "ipv6_cidr_block": "",
                "protocol": "-1",
                "rule_no": 100,
                "to_port": 0
              }
            ],
            "id": "acl-0acb862d4b9b6c3ad",
            "ingress": [
              {
                "action": "allow",
                "cidr_block": "0.0.0.0/0",
                "from_port": 1024,
                "icmp_code": null,
                "icmp_type": null,
                "ipv6_cidr_block": "",
                "protocol": "tcp",
                "rule_no": 110,
                "to_port": 65535
              },
              {
                "action": "allow",
                "cidr_block": "10.0.0.0/16",
                "from_port": 0,
                "icmp_code": null,
                "icmp_type": null,
                "ipv6_cidr_block": "",
                "protocol": "-1",
                "rule_no": 100,
                "to_port": 0
              }
            ],
            "owner_id": "471112663419",
            "subnet_ids": [
              "subnet-029ddd1a9d1ee63bb",
              "subnet-0e7e068f4dfdcf6e7"
            ],
            "tags": {
              "Environment": "dev",
              "Name": "vps-3tier-private-nacl",
              "Project": "vps-3tier"
            },
            "tags_all": {
              "Environment": "dev",
              "Name": "vps-3tier-private-nacl",
              "Project": "vps-3tier"
            },
            "vpc_id": "vpc-034115cb080ec9608"
          },
          "sensitive_attributes": [],
          "private": "bnVsbA==",
          "dependencies": [
            "aws_subnet.private_backend",
            "aws_subnet.private_database",
            "aws_vpc.main",
            "data.aws_availability_zones.available"
          ]
        }
      ]
    },
    {
      "mode": "managed",
      "type": "aws_network_acl",
      "name": "public",
      "provider": "provider[\"registry.terraform.io/hashicorp/aws\"]",
      "instances": [
        {
          "schema_version": 0,
          "attributes": {
            "arn": "arn:aws:ec2:us-east-1:471112663419:network-acl/acl-089a9fe4f1fb9ca14",
            "egress": [
              {
                "action": "allow",
                "cidr_block": "0.0.0.0/0",
                "from_port": 0,
                "icmp_code": null,
                "icmp_type": null,
                "ipv6_cidr_block": "",
                "protocol": "-1",
                "rule_no": 100,
                "to_port": 0
              }
            ],
            "id": "acl-089a9fe4f1fb9ca14",
            "ingress": [
              {
                "action": "allow",
                "cidr_block": "0.0.0.0/0",
                "from_port": 1024,
                "icmp_code": null,
                "icmp_type": null,
                "ipv6_cidr_block": "",
                "protocol": "tcp",
                "rule_no": 130,
                "to_port": 65535
              },
              {
                "action": "allow",
                "cidr_block": "0.0.0.0/0",
                "from_port": 22,
                "icmp_code": null,
                "icmp_type": null,
                "ipv6_cidr_block": "",
                "protocol": "tcp",
                "rule_no": 120,
                "to_port": 22
              },
              {
                "action": "allow",
                "cidr_block": "0.0.0.0/0",
                "from_port": 443,
                "icmp_code": null,
                "icmp_type": null,
                "ipv6_cidr_block": "",
                "protocol": "tcp",
                "rule_no": 110,
                "to_port": 443
              },
              {
                "action": "allow",
                "cidr_block": "0.0.0.0/0",
                "from_port": 80,
                "icmp_code": null,
                "icmp_type": null,
                "ipv6_cidr_block": "",
                "protocol": "tcp",
                "rule_no": 100,
                "to_port": 80
              }
            ],
            "owner_id": "471112663419",
            "subnet_ids": [
              "subnet-014d04124c0b46576"
            ],
            "tags": {
              "Environment": "dev",
              "Name": "vps-3tier-public-nacl",
              "Project": "vps-3tier"
            },
            "tags_all": {
              "Environment": "dev",
              "Name": "vps-3tier-public-nacl",
              "Project": "vps-3tier"
            },
            "vpc_id": "vpc-034115cb080ec9608"
          },
          "sensitive_attributes": [],
          "private": "bnVsbA==",
          "dependencies": [
            "aws_subnet.public",
            "aws_vpc.main",
            "data.aws_availability_zones.available"
          ]
        }
      ]
    },
    {
      "mode": "managed",
      "type": "aws_route_table",
      "name": "private",
      "provider": "provider[\"registry.terraform.io/hashicorp/aws\"]",
      "instances": [
        {
          "schema_version": 0,
          "attributes": {
            "arn": "arn:aws:ec2:us-east-1:471112663419:route-table/rtb-0be5755ce8fb61d21",
            "id": "rtb-0be5755ce8fb61d21",
            "owner_id": "471112663419",
            "propagating_vgws": [],
            "route": [
              {
                "carrier_gateway_id": "",
                "cidr_block": "0.0.0.0/0",
                "core_network_arn": "",
                "destination_prefix_list_id": "",
                "egress_only_gateway_id": "",
                "gateway_id": "",
                "ipv6_cidr_block": "",
                "local_gateway_id": "",
                "nat_gateway_id": "nat-0554b472fbc2e181c",
                "network_interface_id": "",
                "transit_gateway_id": "",
                "vpc_endpoint_id": "",
                "vpc_peering_connection_id": ""
              }
            ],
            "tags": {
              "Environment": "dev",
              "Name": "vps-3tier-private-rt",
              "Project": "vps-3tier",
              "Type": "Private"
            },
            "tags_all": {
              "Environment": "dev",
              "Name": "vps-3tier-private-rt",
              "Project": "vps-3tier",
              "Type": "Private"
            },
            "timeouts": null,
            "vpc_id": "vpc-034115cb080ec9608"
          },
          "sensitive_attributes": [],
          "private": "eyJlMmJmYjczMC1lY2FhLTExZTYtOGY4OC0zNDM2M2JjN2M0YzAiOnsiY3JlYXRlIjozMDAwMDAwMDAwMDAsImRlbGV0ZSI6MzAwMDAwMDAwMDAwLCJ1cGRhdGUiOjEyMDAwMDAwMDAwMH19",
          "dependencies": [
            "aws_eip.nat",
            "aws_internet_gateway.main",
            "aws_nat_gateway.main",
            "aws_subnet.public",
            "aws_vpc.main",
            "data.aws_availability_zones.available"
          ]
        }
      ]
    },
    {
      "mode": "managed",
      "type": "aws_route_table",
      "name": "public",
      "provider": "provider[\"registry.terraform.io/hashicorp/aws\"]",
      "instances": [
        {
          "schema_version": 0,
          "attributes": {
            "arn": "arn:aws:ec2:us-east-1:471112663419:route-table/rtb-05fb4eb042dbed1f4",
            "id": "rtb-05fb4eb042dbed1f4",
            "owner_id": "471112663419",
            "propagating_vgws": [],
            "route": [
              {
                "carrier_gateway_id": "",
                "cidr_block": "0.0.0.0/0",
                "core_network_arn": "",
                "destination_prefix_list_id": "",
                "egress_only_gateway_id": "",
                "gateway_id": "igw-00ea8d822978655ae",
                "ipv6_cidr_block": "",
                "local_gateway_id": "",
                "nat_gateway_id": "",
                "network_interface_id": "",
                "transit_gateway_id": "",
                "vpc_endpoint_id": "",
                "vpc_peering_connection_id": ""
              }
            ],
            "tags": {
              "Environment": "dev",
              "Name": "vps-3tier-public-rt",
              "Project": "vps-3tier",
              "Type": "Public"
            },
            "tags_all": {
              "Environment": "dev",
              "Name": "vps-3tier-public-rt",
              "Project": "vps-3tier",
              "Type": "Public"
            },
            "timeouts": null,
            "vpc_id": "vpc-034115cb080ec9608"
          },
          "sensitive_attributes": [],
          "private": "eyJlMmJmYjczMC1lY2FhLTExZTYtOGY4OC0zNDM2M2JjN2M0YzAiOnsiY3JlYXRlIjozMDAwMDAwMDAwMDAsImRlbGV0ZSI6MzAwMDAwMDAwMDAwLCJ1cGRhdGUiOjEyMDAwMDAwMDAwMH19",
          "dependencies": [
            "aws_internet_gateway.main",
            "aws_vpc.main"
          ]
        }
      ]
    },
    {
      "mode": "managed",
      "type": "aws_route_table_association",
      "name": "private_backend",
      "provider": "provider[\"registry.terraform.io/hashicorp/aws\"]",
      "instances": [
        {
          "schema_version": 0,
          "attributes": {
            "gateway_id": "",
            "id": "rtbassoc-062adeeb05a01e177",
            "route_table_id": "rtb-0be5755ce8fb61d21",
            "subnet_id": "subnet-029ddd1a9d1ee63bb",
            "timeouts": null
          },
          "sensitive_attributes": [],
          "private": "eyJlMmJmYjczMC1lY2FhLTExZTYtOGY4OC0zNDM2M2JjN2M0YzAiOnsiY3JlYXRlIjozMDAwMDAwMDAwMDAsImRlbGV0ZSI6MzAwMDAwMDAwMDAwLCJ1cGRhdGUiOjEyMDAwMDAwMDAwMH19",
          "dependencies": [
            "aws_eip.nat",
            "aws_internet_gateway.main",
            "aws_nat_gateway.main",
            "aws_route_table.private",
            "aws_subnet.private_backend",
            "aws_subnet.public",
            "aws_vpc.main",
            "data.aws_availability_zones.available"
          ]
        }
      ]
    },
    {
      "mode": "managed",
      "type": "aws_route_table_association",
      "name": "private_database",
      "provider": "provider[\"registry.terraform.io/hashicorp/aws\"]",
      "instances": [
        {
          "schema_version": 0,
          "attributes": {
            "gateway_id": "",
            "id": "rtbassoc-0a28de97aa6089dda",
            "route_table_id": "rtb-0be5755ce8fb61d21",
            "subnet_id": "subnet-0e7e068f4dfdcf6e7",
            "timeouts": null
          },
          "sensitive_attributes": [],
          "private": "eyJlMmJmYjczMC1lY2FhLTExZTYtOGY4OC0zNDM2M2JjN2M0YzAiOnsiY3JlYXRlIjozMDAwMDAwMDAwMDAsImRlbGV0ZSI6MzAwMDAwMDAwMDAwLCJ1cGRhdGUiOjEyMDAwMDAwMDAwMH19",
          "dependencies": [
            "aws_eip.nat",
            "aws_internet_gateway.main",
            "aws_nat_gateway.main",
            "aws_route_table.private",
            "aws_subnet.private_database",
            "aws_subnet.public",
            "aws_vpc.main",
            "data.aws_availability_zones.available"
          ]
        }
      ]
    },
    {
      "mode": "managed",
      "type": "aws_route_table_association",
      "name": "public",
      "provider": "provider[\"registry.terraform.io/hashicorp/aws\"]",
      "instances": [
        {
          "schema_version": 0,
          "attributes": {
            "gateway_id": "",
            "id": "rtbassoc-0284dbfc8da370699",
            "route_table_id": "rtb-05fb4eb042dbed1f4",
            "subnet_id": "subnet-014d04124c0b46576",
            "timeouts": null
          },
          "sensitive_attributes": [],
          "private": "eyJlMmJmYjczMC1lY2FhLTExZTYtOGY4OC0zNDM2M2JjN2M0YzAiOnsiY3JlYXRlIjozMDAwMDAwMDAwMDAsImRlbGV0ZSI6MzAwMDAwMDAwMDAwLCJ1cGRhdGUiOjEyMDAwMDAwMDAwMH19",
          "dependencies": [
            "aws_internet_gateway.main",
            "aws_route_table.public",
            "aws_subnet.public",
            "aws_vpc.main",
            "data.aws_availability_zones.available"
          ]
        }
      ]
    },
    {
      "mode": "managed",
      "type": "aws_security_group",
      "name": "backend_sg",
      "provider": "provider[\"registry.terraform.io/hashicorp/aws\"]",
      "instances": [
        {
          "schema_version": 1,
          "attributes": {
            "arn": "arn:aws:ec2:us-east-1:471112663419:security-group/sg-0a7e729b3c5a51630",
            "description": "Security group for backend instances",
            "egress": [
              {
                "cidr_blocks": [
                  "0.0.0.0/0"
                ],
                "description": "",
                "from_port": 0,
                "ipv6_cidr_blocks": [],
                "prefix_list_ids": [],
                "protocol": "-1",
                "security_groups": [],
                "self": false,
                "to_port": 0
              }
            ],
            "id": "sg-0a7e729b3c5a51630",
            "ingress": [
              {
                "cidr_blocks": [],
                "description": "Backend API",
                "from_port": 8080,
                "ipv6_cidr_blocks": [],
                "prefix_list_ids": [],
                "protocol": "tcp",
                "security_groups": [
                  "sg-00fdfb481caf2084c"
                ],
                "self": false,
                "to_port": 8080
              },
              {
                "cidr_blocks": [],
                "description": "Docker",
                "from_port": 2376,
                "ipv6_cidr_blocks": [],
                "prefix_list_ids": [],
                "protocol": "tcp",
                "security_groups": [
                  "sg-00fdfb481caf2084c"
                ],
                "self": false,
                "to_port": 2376
              },
              {
                "cidr_blocks": [],
                "description": "SSH from Frontend",
                "from_port": 22,
                "ipv6_cidr_blocks": [],
                "prefix_list_ids": [],
                "protocol": "tcp",
                "security_groups": [
                  "sg-00fdfb481caf2084c"
                ],
                "self": false,
                "to_port": 22
              }
            ],
            "name": "vps-3tier-backend-sg20250926201526297200000004",
            "name_prefix": "vps-3tier-backend-sg",
            "owner_id": "471112663419",
            "revoke_rules_on_delete": false,
            "tags": {
              "Environment": "dev",
              "Name": "vps-3tier-backend-sg",
              "Project": "vps-3tier"
            },
            "tags_all": {
              "Environment": "dev",
              "Name": "vps-3tier-backend-sg",
              "Project": "vps-3tier"
            },
            "timeouts": null,
            "vpc_id": "vpc-034115cb080ec9608"
          },
          "sensitive_attributes": [],
          "private": "eyJlMmJmYjczMC1lY2FhLTExZTYtOGY4OC0zNDM2M2JjN2M0YzAiOnsiY3JlYXRlIjo2MDAwMDAwMDAwMDAsImRlbGV0ZSI6OTAwMDAwMDAwMDAwfSwic2NoZW1hX3ZlcnNpb24iOiIxIn0=",
          "dependencies": [
            "aws_security_group.frontend_sg",
            "aws_vpc.main"
          ]
        }
      ]
    },
    {
      "mode": "managed",
      "type": "aws_security_group",
      "name": "database_sg",
      "provider": "provider[\"registry.terraform.io/hashicorp/aws\"]",
      "instances": [
        {
          "schema_version": 1,
          "attributes": {
            "arn": "arn:aws:ec2:us-east-1:471112663419:security-group/sg-0d006959c93e5615f",
            "description": "Security group for database instances",
            "egress": [
              {
                "cidr_blocks": [
                  "0.0.0.0/0"
                ],
                "description": "",
                "from_port": 0,
                "ipv6_cidr_blocks": [],
                "prefix_list_ids": [],
                "protocol": "-1",
                "security_groups": [],
                "self": false,
                "to_port": 0
              }
            ],
            "id": "sg-0d006959c93e5615f",
            "ingress": [
              {
                "cidr_blocks": [],
                "description": "MongoDB",
                "from_port": 27017,
                "ipv6_cidr_blocks": [],
                "prefix_list_ids": [],
                "protocol": "tcp",
                "security_groups": [
                  "sg-0a7e729b3c5a51630"
                ],
                "self": false,
                "to_port": 27017
              },
              {
                "cidr_blocks": [],
                "description": "MySQL/MariaDB",
                "from_port": 3306,
                "ipv6_cidr_blocks": [],
                "prefix_list_ids": [],
                "protocol": "tcp",
                "security_groups": [
                  "sg-0a7e729b3c5a51630"
                ],
                "self": false,
                "to_port": 3306
              },
              {
                "cidr_blocks": [],
                "description": "PostgreSQL",
                "from_port": 5432,
                "ipv6_cidr_blocks": [],
                "prefix_list_ids": [],
                "protocol": "tcp",
                "security_groups": [
                  "sg-0a7e729b3c5a51630"
                ],
                "self": false,
                "to_port": 5432
              },
              {
                "cidr_blocks": [],
                "description": "Redis",
                "from_port": 6379,
                "ipv6_cidr_blocks": [],
                "prefix_list_ids": [],
                "protocol": "tcp",
                "security_groups": [
                  "sg-0a7e729b3c5a51630"
                ],
                "self": false,
                "to_port": 6379
              },
              {
                "cidr_blocks": [],
                "description": "SSH from Frontend",
                "from_port": 22,
                "ipv6_cidr_blocks": [],
                "prefix_list_ids": [],
                "protocol": "tcp",
                "security_groups": [
                  "sg-00fdfb481caf2084c"
                ],
                "self": false,
                "to_port": 22
              }
            ],
            "name": "vps-3tier-database-sg20250926201530049000000005",
            "name_prefix": "vps-3tier-database-sg",
            "owner_id": "471112663419",
            "revoke_rules_on_delete": false,
            "tags": {
              "Environment": "dev",
              "Name": "vps-3tier-database-sg",
              "Project": "vps-3tier"
            },
            "tags_all": {
              "Environment": "dev",
              "Name": "vps-3tier-database-sg",
              "Project": "vps-3tier"
            },
            "timeouts": null,
            "vpc_id": "vpc-034115cb080ec9608"
          },
          "sensitive_attributes": [],
          "private": "eyJlMmJmYjczMC1lY2FhLTExZTYtOGY4OC0zNDM2M2JjN2M0YzAiOnsiY3JlYXRlIjo2MDAwMDAwMDAwMDAsImRlbGV0ZSI6OTAwMDAwMDAwMDAwfSwic2NoZW1hX3ZlcnNpb24iOiIxIn0=",
          "dependencies": [
            "aws_security_group.backend_sg",
            "aws_security_group.frontend_sg",
            "aws_vpc.main"
          ]
        }
      ]
    },
    {
      "mode": "managed",
      "type": "aws_security_group",
      "name": "frontend_sg",
      "provider": "provider[\"registry.terraform.io/hashicorp/aws\"]",
      "instances": [
        {
          "schema_version": 1,
          "attributes": {
            "arn": "arn:aws:ec2:us-east-1:471112663419:security-group/sg-00fdfb481caf2084c",
            "description": "Security group for frontend instances",
            "egress": [
              {
                "cidr_blocks": [
                  "0.0.0.0/0"
                ],
                "description": "",
                "from_port": 0,
                "ipv6_cidr_blocks": [],
                "prefix_list_ids": [],
                "protocol": "-1",
                "security_groups": [],
                "self": false,
                "to_port": 0
              }
            ],
            "id": "sg-00fdfb481caf2084c",
            "ingress": [
              {
                "cidr_blocks": [
                  "0.0.0.0/0"
                ],
                "description": "HTTP",
                "from_port": 80,
                "ipv6_cidr_blocks": [],
                "prefix_list_ids": [],
                "protocol": "tcp",
                "security_groups": [],
                "self": false,
                "to_port": 80
              },
              {
                "cidr_blocks": [
                  "0.0.0.0/0"
                ],
                "description": "HTTPS",
                "from_port": 443,
                "ipv6_cidr_blocks": [],
                "prefix_list_ids": [],
                "protocol": "tcp",
                "security_groups": [],
                "self": false,
                "to_port": 443
              },
              {
                "cidr_blocks": [
                  "0.0.0.0/0"
                ],
                "description": "SSH",
                "from_port": 22,
                "ipv6_cidr_blocks": [],
                "prefix_list_ids": [],
                "protocol": "tcp",
                "security_groups": [],
                "self": false,
                "to_port": 22
              }
            ],
            "name": "vps-3tier-frontend-sg20250926201522049300000001",
            "name_prefix": "vps-3tier-frontend-sg",
            "owner_id": "471112663419",
            "revoke_rules_on_delete": false,
            "tags": {
              "Environment": "dev",
              "Name": "vps-3tier-frontend-sg",
              "Project": "vps-3tier"
            },
            "tags_all": {
              "Environment": "dev",
              "Name": "vps-3tier-frontend-sg",
              "Project": "vps-3tier"
            },
            "timeouts": null,
            "vpc_id": "vpc-034115cb080ec9608"
          },
          "sensitive_attributes": [],
          "private": "eyJlMmJmYjczMC1lY2FhLTExZTYtOGY4OC0zNDM2M2JjN2M0YzAiOnsiY3JlYXRlIjo2MDAwMDAwMDAwMDAsImRlbGV0ZSI6OTAwMDAwMDAwMDAwfSwic2NoZW1hX3ZlcnNpb24iOiIxIn0=",
          "dependencies": [
            "aws_vpc.main"
          ]
        }
      ]
    },
    {
      "mode": "managed",
      "type": "aws_subnet",
      "name": "private_backend",
      "provider": "provider[\"registry.terraform.io/hashicorp/aws\"]",
      "instances": [
        {
          "schema_version": 1,
          "attributes": {
            "arn": "arn:aws:ec2:us-east-1:471112663419:subnet/subnet-029ddd1a9d1ee63bb",
            "assign_ipv6_address_on_creation": false,
            "availability_zone": "us-east-1a",
            "availability_zone_id": "use1-az4",
            "cidr_block": "10.0.2.0/24",
            "customer_owned_ipv4_pool": "",
            "enable_dns64": false,
            "enable_lni_at_device_index": 0,
            "enable_resource_name_dns_a_record_on_launch": false,
            "enable_resource_name_dns_aaaa_record_on_launch": false,
            "id": "subnet-029ddd1a9d1ee63bb",
            "ipv6_cidr_block": "",
            "ipv6_cidr_block_association_id": "",
            "ipv6_native": false,
            "map_customer_owned_ip_on_launch": false,
            "map_public_ip_on_launch": false,
            "outpost_arn": "",
            "owner_id": "471112663419",
            "private_dns_hostname_type_on_launch": "ip-name",
            "tags": {
              "Environment": "dev",
              "Name": "vps-3tier-private-backend-subnet",
              "Project": "vps-3tier",
              "Tier": "Backend",
              "Type": "Private"
            },
            "tags_all": {
              "Environment": "dev",
              "Name": "vps-3tier-private-backend-subnet",
              "Project": "vps-3tier",
              "Tier": "Backend",
              "Type": "Private"
            },
            "timeouts": null,
            "vpc_id": "vpc-034115cb080ec9608"
          },
          "sensitive_attributes": [],
          "private": "eyJlMmJmYjczMC1lY2FhLTExZTYtOGY4OC0zNDM2M2JjN2M0YzAiOnsiY3JlYXRlIjo2MDAwMDAwMDAwMDAsImRlbGV0ZSI6MTIwMDAwMDAwMDAwMH0sInNjaGVtYV92ZXJzaW9uIjoiMSJ9",
          "dependencies": [
            "aws_vpc.main",
            "data.aws_availability_zones.available"
          ]
        }
      ]
    },
    {
      "mode": "managed",
      "type": "aws_subnet",
      "name": "private_database",
      "provider": "provider[\"registry.terraform.io/hashicorp/aws\"]",
      "instances": [
        {
          "schema_version": 1,
          "attributes": {
            "arn": "arn:aws:ec2:us-east-1:471112663419:subnet/subnet-0e7e068f4dfdcf6e7",
            "assign_ipv6_address_on_creation": false,
            "availability_zone": "us-east-1b",
            "availability_zone_id": "use1-az6",
            "cidr_block": "10.0.3.0/24",
            "customer_owned_ipv4_pool": "",
            "enable_dns64": false,
            "enable_lni_at_device_index": 0,
            "enable_resource_name_dns_a_record_on_launch": false,
            "enable_resource_name_dns_aaaa_record_on_launch": false,
            "id": "subnet-0e7e068f4dfdcf6e7",
            "ipv6_cidr_block": "",
            "ipv6_cidr_block_association_id": "",
            "ipv6_native": false,
            "map_customer_owned_ip_on_launch": false,
            "map_public_ip_on_launch": false,
            "outpost_arn": "",
            "owner_id": "471112663419",
            "private_dns_hostname_type_on_launch": "ip-name",
            "tags": {
              "Environment": "dev",
              "Name": "vps-3tier-private-database-subnet",
              "Project": "vps-3tier",
              "Tier": "Database",
              "Type": "Private"
            },
            "tags_all": {
              "Environment": "dev",
              "Name": "vps-3tier-private-database-subnet",
              "Project": "vps-3tier",
              "Tier": "Database",
              "Type": "Private"
            },
            "timeouts": null,
            "vpc_id": "vpc-034115cb080ec9608"
          },
          "sensitive_attributes": [],
          "private": "eyJlMmJmYjczMC1lY2FhLTExZTYtOGY4OC0zNDM2M2JjN2M0YzAiOnsiY3JlYXRlIjo2MDAwMDAwMDAwMDAsImRlbGV0ZSI6MTIwMDAwMDAwMDAwMH0sInNjaGVtYV92ZXJzaW9uIjoiMSJ9",
          "dependencies": [
            "aws_vpc.main",
            "data.aws_availability_zones.available"
          ]
        }
      ]
    },
    {
      "mode": "managed",
      "type": "aws_subnet",
      "name": "public",
      "provider": "provider[\"registry.terraform.io/hashicorp/aws\"]",
      "instances": [
        {
          "schema_version": 1,
          "attributes": {
            "arn": "arn:aws:ec2:us-east-1:471112663419:subnet/subnet-014d04124c0b46576",
            "assign_ipv6_address_on_creation": false,
            "availability_zone": "us-east-1a",
            "availability_zone_id": "use1-az4",
            "cidr_block": "10.0.1.0/24",
            "customer_owned_ipv4_pool": "",
            "enable_dns64": false,
            "enable_lni_at_device_index": 0,
            "enable_resource_name_dns_a_record_on_launch": false,
            "enable_resource_name_dns_aaaa_record_on_launch": false,
            "id": "subnet-014d04124c0b46576",
            "ipv6_cidr_block": "",
            "ipv6_cidr_block_association_id": "",
            "ipv6_native": false,
            "map_customer_owned_ip_on_launch": false,
            "map_public_ip_on_launch": true,
            "outpost_arn": "",
            "owner_id": "471112663419",
            "private_dns_hostname_type_on_launch": "ip-name",
            "tags": {
              "Environment": "dev",
              "Name": "vps-3tier-public-subnet",
              "Project": "vps-3tier",
              "Type": "Public"
            },
            "tags_all": {
              "Environment": "dev",
              "Name": "vps-3tier-public-subnet",
              "Project": "vps-3tier",
              "Type": "Public"
            },
            "timeouts": null,
            "vpc_id": "vpc-034115cb080ec9608"
          },
          "sensitive_attributes": [],
          "private": "eyJlMmJmYjczMC1lY2FhLTExZTYtOGY4OC0zNDM2M2JjN2M0YzAiOnsiY3JlYXRlIjo2MDAwMDAwMDAwMDAsImRlbGV0ZSI6MTIwMDAwMDAwMDAwMH0sInNjaGVtYV92ZXJzaW9uIjoiMSJ9",
          "dependencies": [
            "aws_vpc.main",
            "data.aws_availability_zones.available"
          ]
        }
      ]
    },
    {
      "mode": "managed",
      "type": "aws_vpc",
      "name": "main",
      "provider": "provider[\"registry.terraform.io/hashicorp/aws\"]",
      "instances": [
        {
          "schema_version": 1,
          "attributes": {
            "arn": "arn:aws:ec2:us-east-1:471112663419:vpc/vpc-034115cb080ec9608",
            "assign_generated_ipv6_cidr_block": false,
            "cidr_block": "10.0.0.0/16",
            "default_network_acl_id": "acl-086bdcd0adb9fd809",
            "default_route_table_id": "rtb-0410480c74cdd3952",
            "default_security_group_id": "sg-0e0d25f5128d90073",
            "dhcp_options_id": "dopt-0e69a4ffbb56c01d9",
            "enable_dns_hostnames": true,
            "enable_dns_support": true,
            "enable_network_address_usage_metrics": false,
            "id": "vpc-034115cb080ec9608",
            "instance_tenancy": "default",
            "ipv4_ipam_pool_id": null,
            "ipv4_netmask_length": null,
            "ipv6_association_id": "",
            "ipv6_cidr_block": "",
            "ipv6_cidr_block_network_border_group": "",
            "ipv6_ipam_pool_id": "",
            "ipv6_netmask_length": 0,
            "main_route_table_id": "rtb-0410480c74cdd3952",
            "owner_id": "471112663419",
            "tags": {
              "Environment": "dev",
              "Name": "vps-3tier-vpc",
              "Project": "vps-3tier"
            },
            "tags_all": {
              "Environment": "dev",
              "Name": "vps-3tier-vpc",
              "Project": "vps-3tier"
            }
          },
          "sensitive_attributes": [],
          "private": "eyJzY2hlbWFfdmVyc2lvbiI6IjEifQ=="
        }
      ]
    },
    {
      "mode": "managed",
      "type": "null_resource",
      "name": "setup_backend",
      "provider": "provider[\"registry.terraform.io/hashicorp/null\"]",
      "instances": [
        {
          "schema_version": 0,
          "attributes": {
            "id": "6917132388381689174",
            "triggers": {
              "instance_id": "i-086d3767f30b7b282"
            }
          },
          "sensitive_attributes": [],
          "dependencies": [
            "aws_instance.backend",
            "aws_instance.frontend",
            "aws_key_pair.main",
            "aws_security_group.backend_sg",
            "aws_security_group.frontend_sg",
            "aws_subnet.private_backend",
            "aws_subnet.public",
            "aws_vpc.main",
            "data.aws_ami.ubuntu",
            "data.aws_availability_zones.available",
            "null_resource.setup_frontend"
          ]
        }
      ]
    },
    {
      "mode": "managed",
      "type": "null_resource",
      "name": "setup_database",
      "provider": "provider[\"registry.terraform.io/hashicorp/null\"]",
      "instances": [
        {
          "schema_version": 0,
          "attributes": {
            "id": "7970203571351967425",
            "triggers": {
              "instance_id": "i-0a72295abf75bbcbd"
            }
          },
          "sensitive_attributes": [],
          "dependencies": [
            "aws_instance.database",
            "aws_instance.frontend",
            "aws_key_pair.main",
            "aws_security_group.backend_sg",
            "aws_security_group.database_sg",
            "aws_security_group.frontend_sg",
            "aws_subnet.private_database",
            "aws_subnet.public",
            "aws_vpc.main",
            "data.aws_ami.ubuntu",
            "data.aws_availability_zones.available",
            "null_resource.setup_frontend"
          ]
        }
      ]
    },
    {
      "mode": "managed",
      "type": "null_resource",
      "name": "setup_frontend",
      "provider": "provider[\"registry.terraform.io/hashicorp/null\"]",
      "instances": [
        {
          "schema_version": 0,
          "attributes": {
            "id": "1687318535399493100",
            "triggers": {
              "instance_id": "i-098369884a657abae"
            }
          },
          "sensitive_attributes": [],
          "dependencies": [
            "aws_instance.frontend",
            "aws_key_pair.main",
            "aws_security_group.frontend_sg",
            "aws_subnet.public",
            "aws_vpc.main",
            "data.aws_ami.ubuntu",
            "data.aws_availability_zones.available"
          ]
        }
      ]
    }
  ],
  "check_results": null
}
